
Microsoft Visual Studio Solution File, Format Version 12.00
# Visual Studio 2013
VisualStudioVersion = 12.0.30501.0
MinimumVisualStudioVersion = 10.0.40219.1
Project("{FAE04EC0-301F-11D3-BF4B-00C04F79EFBC}") = "REMS.DAL", "REMS.DAL\REMS.DAL.csproj", "{8CC9CF37-EA23-4338-AEFB-272D289D4608}"
EndProject
Project("{FAE04EC0-301F-11D3-BF4B-00C04F79EFBC}") = "REMS.BAL", "REMS.BAL\REMS.BAL.csproj", "{FDD31B92-8A3C-401C-9D52-3D3FD34F424F}"
EndProject
Project("{FAE04EC0-301F-11D3-BF4B-00C04F79EFBC}") = "REMS.EF", "REMS.EF\REMS.EF.csproj", "{7A84116D-F8F4-4997-9D16-C79A2DE80A71}"
EndProject
Project("{FAE04EC0-301F-11D3-BF4B-00C04F79EFBC}") = "REMS.Helpers", "REMS.Helpers\REMS.Helpers.csproj", "{BECF7979-0F78-46C3-B848-3BDD87EE6A11}"
EndProject
Project("{FAE04EC0-301F-11D3-BF4B-00C04F79EFBC}") = "REMS.Models", "REMS.Models\REMS.Models.csproj", "{79B10D00-8005-4747-ABDD-A26CDADC40AC}"
EndProject
Project("{FAE04EC0-301F-11D3-BF4B-00C04F79EFBC}") = "REMS.DependencyResolver", "REMS.DependencyResolver\REMS.DependencyResolver.csproj", "{05F7E2F4-2285-4760-A088-50DDFCB624E4}"
EndProject
Project("{FAE04EC0-301F-11D3-BF4B-00C04F79EFBC}") = "REMS.Interfaces", "REMS.Interfaces\REMS.Interfaces.csproj", "{1A0CE635-DB3D-4CAE-AAF7-EC808945AECB}"
EndProject
Project("{00D1A9C2-B5F0-4AF3-8072-F6C62B433612}") = "REMS.Database", "REMS.Database\REMS.Database.sqlproj", "{95CB3F45-82A6-4A6F-BF45-BAA4991D3458}"
EndProject
Project("{FAE04EC0-301F-11D3-BF4B-00C04F79EFBC}") = "REMS.Website", "REMS.Website\REMS.Website.csproj", "{C8D4E03C-D059-443B-947F-7EDAB3B99FEF}"
EndProject
Project("{FAE04EC0-301F-11D3-BF4B-00C04F79EFBC}") = "REMS.DTO", "REMS.DTO\REMS.DTO.csproj", "{348C2B3A-6F5D-4EFF-9EC3-600745B1135C}"
EndProject
Global
	GlobalSection(SolutionConfigurationPlatforms) = preSolution
		Debug|Any CPU = Debug|Any CPU
		Release|Any CPU = Release|Any CPU
	EndGlobalSection
	GlobalSection(ProjectConfigurationPlatforms) = postSolution
		{8CC9CF37-EA23-4338-AEFB-272D289D4608}.Debug|Any CPU.ActiveCfg = Debug|Any CPU
		{8CC9CF37-EA23-4338-AEFB-272D289D4608}.Debug|Any CPU.Build.0 = Debug|Any CPU
		{8CC9CF37-EA23-4338-AEFB-272D289D4608}.Release|Any CPU.ActiveCfg = Release|Any CPU
		{8CC9CF37-EA23-4338-AEFB-272D289D4608}.Release|Any CPU.Build.0 = Release|Any CPU
		{FDD31B92-8A3C-401C-9D52-3D3FD34F424F}.Debug|Any CPU.ActiveCfg = Debug|Any CPU
		{FDD31B92-8A3C-401C-9D52-3D3FD34F424F}.Debug|Any CPU.Build.0 = Debug|Any CPU
		{FDD31B92-8A3C-401C-9D52-3D3FD34F424F}.Release|Any CPU.ActiveCfg = Release|Any CPU
		{FDD31B92-8A3C-401C-9D52-3D3FD34F424F}.Release|Any CPU.Build.0 = Release|Any CPU
		{7A84116D-F8F4-4997-9D16-C79A2DE80A71}.Debug|Any CPU.ActiveCfg = Debug|Any CPU
		{7A84116D-F8F4-4997-9D16-C79A2DE80A71}.Debug|Any CPU.Build.0 = Debug|Any CPU
		{7A84116D-F8F4-4997-9D16-C79A2DE80A71}.Release|Any CPU.ActiveCfg = Release|Any CPU
		{7A84116D-F8F4-4997-9D16-C79A2DE80A71}.Release|Any CPU.Build.0 = Release|Any CPU
		{BECF7979-0F78-46C3-B848-3BDD87EE6A11}.Debug|Any CPU.ActiveCfg = Debug|Any CPU
		{BECF7979-0F78-46C3-B848-3BDD87EE6A11}.Debug|Any CPU.Build.0 = Debug|Any CPU
		{BECF7979-0F78-46C3-B848-3BDD87EE6A11}.Release|Any CPU.ActiveCfg = Release|Any CPU
		{BECF7979-0F78-46C3-B848-3BDD87EE6A11}.Release|Any CPU.Build.0 = Release|Any CPU
		{79B10D00-8005-4747-ABDD-A26CDADC40AC}.Debug|Any CPU.ActiveCfg = Debug|Any CPU
		{79B10D00-8005-4747-ABDD-A26CDADC40AC}.Debug|Any CPU.Build.0 = Debug|Any CPU
		{79B10D00-8005-4747-ABDD-A26CDADC40AC}.Release|Any CPU.ActiveCfg = Release|Any CPU
		{79B10D00-8005-4747-ABDD-A26CDADC40AC}.Release|Any CPU.Build.0 = Release|Any CPU
		{05F7E2F4-2285-4760-A088-50DDFCB624E4}.Debug|Any CPU.ActiveCfg = Debug|Any CPU
		{05F7E2F4-2285-4760-A088-50DDFCB624E4}.Debug|Any CPU.Build.0 = Debug|Any CPU
		{05F7E2F4-2285-4760-A088-50DDFCB624E4}.Release|Any CPU.ActiveCfg = Release|Any CPU
		{05F7E2F4-2285-4760-A088-50DDFCB624E4}.Release|Any CPU.Build.0 = Release|Any CPU
		{1A0CE635-DB3D-4CAE-AAF7-EC808945AECB}.Debug|Any CPU.ActiveCfg = Debug|Any CPU
		{1A0CE635-DB3D-4CAE-AAF7-EC808945AECB}.Debug|Any CPU.Build.0 = Debug|Any CPU
		{1A0CE635-DB3D-4CAE-AAF7-EC808945AECB}.Release|Any CPU.ActiveCfg = Release|Any CPU
		{1A0CE635-DB3D-4CAE-AAF7-EC808945AECB}.Release|Any CPU.Build.0 = Release|Any CPU
		{95CB3F45-82A6-4A6F-BF45-BAA4991D3458}.Debug|Any CPU.ActiveCfg = Debug|Any CPU
		{95CB3F45-82A6-4A6F-BF45-BAA4991D3458}.Debug|Any CPU.Build.0 = Debug|Any CPU
		{95CB3F45-82A6-4A6F-BF45-BAA4991D3458}.Debug|Any CPU.Deploy.0 = Debug|Any CPU
		{95CB3F45-82A6-4A6F-BF45-BAA4991D3458}.Release|Any CPU.ActiveCfg = Release|Any CPU
		{95CB3F45-82A6-4A6F-BF45-BAA4991D3458}.Release|Any CPU.Build.0 = Release|Any CPU
		{95CB3F45-82A6-4A6F-BF45-BAA4991D3458}.Release|Any CPU.Deploy.0 = Release|Any CPU
		{C8D4E03C-D059-443B-947F-7EDAB3B99FEF}.Debug|Any CPU.ActiveCfg = Debug|Any CPU
		{C8D4E03C-D059-443B-947F-7EDAB3B99FEF}.Debug|Any CPU.Build.0 = Debug|Any CPU
		{C8D4E03C-D059-443B-947F-7EDAB3B99FEF}.Release|Any CPU.ActiveCfg = Release|Any CPU
		{C8D4E03C-D059-443B-947F-7EDAB3B99FEF}.Release|Any CPU.Build.0 = Release|Any CPU
		{348C2B3A-6F5D-4EFF-9EC3-600745B1135C}.Debug|Any CPU.ActiveCfg = Debug|Any CPU
		{348C2B3A-6F5D-4EFF-9EC3-600745B1135C}.Debug|Any CPU.Build.0 = Debug|Any CPU
		{348C2B3A-6F5D-4EFF-9EC3-600745B1135C}.Release|Any CPU.ActiveCfg = Release|Any CPU
		{348C2B3A-6F5D-4EFF-9EC3-600745B1135C}.Release|Any CPU.Build.0 = Release|Any CPU
	EndGlobalSection
	GlobalSection(SolutionProperties) = preSolution
		HideSolutionNode = FALSE
	EndGlobalSection
EndGlobal
